lockfileVersion: '9.0'

settings:
  autoInstallPeers: true
  excludeLinksFromLockfile: false

importers:

  .:
    dependencies:
      '@vicons/ionicons5':
        specifier: ^0.13.0
        version: 0.13.0

packages:

  '@vicons/ionicons5@0.13.0':
    resolution: {integrity: sha512-zvZKBPjEXKN7AXNo2Na2uy+nvuv6SP4KAMQxpKL2vfHMj0fSvuw7JZcOPCjQC3e7ayssKnaoFVAhbYcW6v41qQ==}

snapshots:

  '@vicons/ionicons5@0.13.0': {}
